// !$*UTF8*$!
{
	archiveVersion = 1;
	classes = {
	};
	objectVersion = 50;
	objects = {

/* Begin PBXBuildFile section */
		F5039B2E22173D3E0080DA14 /* AppDelegate.m in Sources */ = {isa = PBXBuildFile; fileRef = F5039B2D22173D3E0080DA14 /* AppDelegate.m */; };
		F5039B3722173D3E0080DA14 /* TestAssignmentDoItSoftware.xcdatamodeld in Sources */ = {isa = PBXBuildFile; fileRef = F5039B3522173D3E0080DA14 /* TestAssignmentDoItSoftware.xcdatamodeld */; };
		F5039B3922173D400080DA14 /* Assets.xcassets in Resources */ = {isa = PBXBuildFile; fileRef = F5039B3822173D400080DA14 /* Assets.xcassets */; };
		F5039B3C22173D400080DA14 /* LaunchScreen.storyboard in Resources */ = {isa = PBXBuildFile; fileRef = F5039B3A22173D400080DA14 /* LaunchScreen.storyboard */; };
		F5039B3F22173D400080DA14 /* main.m in Sources */ = {isa = PBXBuildFile; fileRef = F5039B3E22173D400080DA14 /* main.m */; };
		F54702F7221750DF008516C1 /* AuthScreenViewController.xib in Resources */ = {isa = PBXBuildFile; fileRef = F54702F1221750DF008516C1 /* AuthScreenViewController.xib */; };
		F54702F8221750DF008516C1 /* AuthScreenViewController.m in Sources */ = {isa = PBXBuildFile; fileRef = F54702F2221750DF008516C1 /* AuthScreenViewController.m */; };
		F54702FC2217514A008516C1 /* EditTaskScreenViewController.m in Sources */ = {isa = PBXBuildFile; fileRef = F54702FA2217514A008516C1 /* EditTaskScreenViewController.m */; };
		F54702FD2217514A008516C1 /* EditTaskScreenViewController.xib in Resources */ = {isa = PBXBuildFile; fileRef = F54702FB2217514A008516C1 /* EditTaskScreenViewController.xib */; };
		F54703012217516D008516C1 /* MyTaskListScreenViewController.m in Sources */ = {isa = PBXBuildFile; fileRef = F54702FF2217516D008516C1 /* MyTaskListScreenViewController.m */; };
		F54703022217516D008516C1 /* MyTaskListScreenViewController.xib in Resources */ = {isa = PBXBuildFile; fileRef = F54703002217516D008516C1 /* MyTaskListScreenViewController.xib */; };
		F54703052217518C008516C1 /* TASingleton.m in Sources */ = {isa = PBXBuildFile; fileRef = F54703042217518C008516C1 /* TASingleton.m */; };
		F54703092217522F008516C1 /* TaskDetailViewController.m in Sources */ = {isa = PBXBuildFile; fileRef = F54703072217522F008516C1 /* TaskDetailViewController.m */; };
		F547030A2217522F008516C1 /* TaskDetailViewController.xib in Resources */ = {isa = PBXBuildFile; fileRef = F54703082217522F008516C1 /* TaskDetailViewController.xib */; };
		F58D67212218AC7A00D173C5 /* sort@2x.png in Resources */ = {isa = PBXBuildFile; fileRef = F58D671B2218AC7A00D173C5 /* sort@2x.png */; };
		F58D67222218AC7A00D173C5 /* sort@3x.png in Resources */ = {isa = PBXBuildFile; fileRef = F58D671C2218AC7A00D173C5 /* sort@3x.png */; };
		F58D67232218AC7A00D173C5 /* alarm@3x.png in Resources */ = {isa = PBXBuildFile; fileRef = F58D671D2218AC7A00D173C5 /* alarm@3x.png */; };
		F58D67242218AC7A00D173C5 /* alarm@2x.png in Resources */ = {isa = PBXBuildFile; fileRef = F58D671E2218AC7A00D173C5 /* alarm@2x.png */; };
		F58D67252218AC7A00D173C5 /* alarm.png in Resources */ = {isa = PBXBuildFile; fileRef = F58D671F2218AC7A00D173C5 /* alarm.png */; };
		F58D67262218AC7A00D173C5 /* sort.png in Resources */ = {isa = PBXBuildFile; fileRef = F58D67202218AC7A00D173C5 /* sort.png */; };
		F58D672A2218B12000D173C5 /* forward@3x.png in Resources */ = {isa = PBXBuildFile; fileRef = F58D67272218B11F00D173C5 /* forward@3x.png */; };
		F58D672B2218B12000D173C5 /* forward@2x.png in Resources */ = {isa = PBXBuildFile; fileRef = F58D67282218B11F00D173C5 /* forward@2x.png */; };
		F58D672C2218B12000D173C5 /* forward.png in Resources */ = {isa = PBXBuildFile; fileRef = F58D67292218B11F00D173C5 /* forward.png */; };
		F58D67312218B1F600D173C5 /* MyTaskTableViewCell.m in Sources */ = {isa = PBXBuildFile; fileRef = F58D672F2218B1F600D173C5 /* MyTaskTableViewCell.m */; };
		F58D67322218B1F600D173C5 /* MyTaskTableViewCell.xib in Resources */ = {isa = PBXBuildFile; fileRef = F58D67302218B1F600D173C5 /* MyTaskTableViewCell.xib */; };
		F58D67362218BA1500D173C5 /* add@2x.png in Resources */ = {isa = PBXBuildFile; fileRef = F58D67332218BA1500D173C5 /* add@2x.png */; };
		F58D67372218BA1500D173C5 /* add@3x.png in Resources */ = {isa = PBXBuildFile; fileRef = F58D67342218BA1500D173C5 /* add@3x.png */; };
		F58D67382218BA1500D173C5 /* add.png in Resources */ = {isa = PBXBuildFile; fileRef = F58D67352218BA1500D173C5 /* add.png */; };
		F5B8FA9E2219C6FF0032D270 /* edit.png in Resources */ = {isa = PBXBuildFile; fileRef = F5B8FA9B2219C6FF0032D270 /* edit.png */; };
		F5B8FA9F2219C6FF0032D270 /* edit@2x.png in Resources */ = {isa = PBXBuildFile; fileRef = F5B8FA9C2219C6FF0032D270 /* edit@2x.png */; };
		F5B8FAA02219C6FF0032D270 /* edit@3x.png in Resources */ = {isa = PBXBuildFile; fileRef = F5B8FA9D2219C6FF0032D270 /* edit@3x.png */; };
/* End PBXBuildFile section */

/* Begin PBXFileReference section */
		F5039B2922173D3E0080DA14 /* TestAssignmentDoItSoftware.app */ = {isa = PBXFileReference; explicitFileType = wrapper.application; includeInIndex = 0; path = TestAssignmentDoItSoftware.app; sourceTree = BUILT_PRODUCTS_DIR; };
		F5039B2C22173D3E0080DA14 /* AppDelegate.h */ = {isa = PBXFileReference; lastKnownFileType = sourcecode.c.h; path = AppDelegate.h; sourceTree = "<group>"; };
		F5039B2D22173D3E0080DA14 /* AppDelegate.m */ = {isa = PBXFileReference; lastKnownFileType = sourcecode.c.objc; path = AppDelegate.m; sourceTree = "<group>"; };
		F5039B3622173D3E0080DA14 /* TestAssignmentDoItSoftware.xcdatamodel */ = {isa = PBXFileReference; lastKnownFileType = wrapper.xcdatamodel; path = TestAssignmentDoItSoftware.xcdatamodel; sourceTree = "<group>"; };
		F5039B3822173D400080DA14 /* Assets.xcassets */ = {isa = PBXFileReference; lastKnownFileType = folder.assetcatalog; path = Assets.xcassets; sourceTree = "<group>"; };
		F5039B3B22173D400080DA14 /* Base */ = {isa = PBXFileReference; lastKnownFileType = file.storyboard; name = Base; path = Base.lproj/LaunchScreen.storyboard; sourceTree = "<group>"; };
		F5039B3D22173D400080DA14 /* Info.plist */ = {isa = PBXFileReference; lastKnownFileType = text.plist.xml; path = Info.plist; sourceTree = "<group>"; };
		F5039B3E22173D400080DA14 /* main.m */ = {isa = PBXFileReference; lastKnownFileType = sourcecode.c.objc; path = main.m; sourceTree = "<group>"; };
		F54702F0221750DF008516C1 /* AuthScreenViewController.h */ = {isa = PBXFileReference; fileEncoding = 4; lastKnownFileType = sourcecode.c.h; path = AuthScreenViewController.h; sourceTree = "<group>"; };
		F54702F1221750DF008516C1 /* AuthScreenViewController.xib */ = {isa = PBXFileReference; fileEncoding = 4; lastKnownFileType = file.xib; path = AuthScreenViewController.xib; sourceTree = "<group>"; };
		F54702F2221750DF008516C1 /* AuthScreenViewController.m */ = {isa = PBXFileReference; fileEncoding = 4; lastKnownFileType = sourcecode.c.objc; path = AuthScreenViewController.m; sourceTree = "<group>"; };
		F54702F92217514A008516C1 /* EditTaskScreenViewController.h */ = {isa = PBXFileReference; lastKnownFileType = sourcecode.c.h; path = EditTaskScreenViewController.h; sourceTree = "<group>"; };
		F54702FA2217514A008516C1 /* EditTaskScreenViewController.m */ = {isa = PBXFileReference; lastKnownFileType = sourcecode.c.objc; path = EditTaskScreenViewController.m; sourceTree = "<group>"; };
		F54702FB2217514A008516C1 /* EditTaskScreenViewController.xib */ = {isa = PBXFileReference; lastKnownFileType = file.xib; path = EditTaskScreenViewController.xib; sourceTree = "<group>"; };
		F54702FE2217516D008516C1 /* MyTaskListScreenViewController.h */ = {isa = PBXFileReference; lastKnownFileType = sourcecode.c.h; path = MyTaskListScreenViewController.h; sourceTree = "<group>"; };
		F54702FF2217516D008516C1 /* MyTaskListScreenViewController.m */ = {isa = PBXFileReference; lastKnownFileType = sourcecode.c.objc; path = MyTaskListScreenViewController.m; sourceTree = "<group>"; };
		F54703002217516D008516C1 /* MyTaskListScreenViewController.xib */ = {isa = PBXFileReference; lastKnownFileType = file.xib; path = MyTaskListScreenViewController.xib; sourceTree = "<group>"; };
		F54703032217518C008516C1 /* TASingleton.h */ = {isa = PBXFileReference; lastKnownFileType = sourcecode.c.h; path = TASingleton.h; sourceTree = "<group>"; };
		F54703042217518C008516C1 /* TASingleton.m */ = {isa = PBXFileReference; lastKnownFileType = sourcecode.c.objc; path = TASingleton.m; sourceTree = "<group>"; };
		F54703062217522F008516C1 /* TaskDetailViewController.h */ = {isa = PBXFileReference; lastKnownFileType = sourcecode.c.h; path = TaskDetailViewController.h; sourceTree = "<group>"; };
		F54703072217522F008516C1 /* TaskDetailViewController.m */ = {isa = PBXFileReference; lastKnownFileType = sourcecode.c.objc; path = TaskDetailViewController.m; sourceTree = "<group>"; };
		F54703082217522F008516C1 /* TaskDetailViewController.xib */ = {isa = PBXFileReference; lastKnownFileType = file.xib; path = TaskDetailViewController.xib; sourceTree = "<group>"; };
		F58D671B2218AC7A00D173C5 /* sort@2x.png */ = {isa = PBXFileReference; lastKnownFileType = image.png; path = "sort@2x.png"; sourceTree = "<group>"; };
		F58D671C2218AC7A00D173C5 /* sort@3x.png */ = {isa = PBXFileReference; lastKnownFileType = image.png; path = "sort@3x.png"; sourceTree = "<group>"; };
		F58D671D2218AC7A00D173C5 /* alarm@3x.png */ = {isa = PBXFileReference; lastKnownFileType = image.png; path = "alarm@3x.png"; sourceTree = "<group>"; };
		F58D671E2218AC7A00D173C5 /* alarm@2x.png */ = {isa = PBXFileReference; lastKnownFileType = image.png; path = "alarm@2x.png"; sourceTree = "<group>"; };
		F58D671F2218AC7A00D173C5 /* alarm.png */ = {isa = PBXFileReference; lastKnownFileType = image.png; path = alarm.png; sourceTree = "<group>"; };
		F58D67202218AC7A00D173C5 /* sort.png */ = {isa = PBXFileReference; lastKnownFileType = image.png; path = sort.png; sourceTree = "<group>"; };
		F58D67272218B11F00D173C5 /* forward@3x.png */ = {isa = PBXFileReference; lastKnownFileType = image.png; path = "forward@3x.png"; sourceTree = "<group>"; };
		F58D67282218B11F00D173C5 /* forward@2x.png */ = {isa = PBXFileReference; lastKnownFileType = image.png; path = "forward@2x.png"; sourceTree = "<group>"; };
		F58D67292218B11F00D173C5 /* forward.png */ = {isa = PBXFileReference; lastKnownFileType = image.png; path = forward.png; sourceTree = "<group>"; };
		F58D672E2218B1F600D173C5 /* MyTaskTableViewCell.h */ = {isa = PBXFileReference; lastKnownFileType = sourcecode.c.h; path = MyTaskTableViewCell.h; sourceTree = "<group>"; };
		F58D672F2218B1F600D173C5 /* MyTaskTableViewCell.m */ = {isa = PBXFileReference; lastKnownFileType = sourcecode.c.objc; path = MyTaskTableViewCell.m; sourceTree = "<group>"; };
		F58D67302218B1F600D173C5 /* MyTaskTableViewCell.xib */ = {isa = PBXFileReference; lastKnownFileType = file.xib; path = MyTaskTableViewCell.xib; sourceTree = "<group>"; };
		F58D67332218BA1500D173C5 /* add@2x.png */ = {isa = PBXFileReference; lastKnownFileType = image.png; path = "add@2x.png"; sourceTree = "<group>"; };
		F58D67342218BA1500D173C5 /* add@3x.png */ = {isa = PBXFileReference; lastKnownFileType = image.png; path = "add@3x.png"; sourceTree = "<group>"; };
		F58D67352218BA1500D173C5 /* add.png */ = {isa = PBXFileReference; lastKnownFileType = image.png; path = add.png; sourceTree = "<group>"; };
		F5B8FA9B2219C6FF0032D270 /* edit.png */ = {isa = PBXFileReference; lastKnownFileType = image.png; path = edit.png; sourceTree = "<group>"; };
		F5B8FA9C2219C6FF0032D270 /* edit@2x.png */ = {isa = PBXFileReference; lastKnownFileType = image.png; path = "edit@2x.png"; sourceTree = "<group>"; };
		F5B8FA9D2219C6FF0032D270 /* edit@3x.png */ = {isa = PBXFileReference; lastKnownFileType = image.png; path = "edit@3x.png"; sourceTree = "<group>"; };
/* End PBXFileReference section */

/* Begin PBXFrameworksBuildPhase section */
		F5039B2622173D3E0080DA14 /* Frameworks */ = {
			isa = PBXFrameworksBuildPhase;
			buildActionMask = 2147483647;
			files = (
			);
			runOnlyForDeploymentPostprocessing = 0;
		};
/* End PBXFrameworksBuildPhase section */

/* Begin PBXGroup section */
		F5039B2022173D3E0080DA14 = {
			isa = PBXGroup;
			children = (
				F5039B2B22173D3E0080DA14 /* TestAssignmentDoItSoftware */,
				F5039B2A22173D3E0080DA14 /* Products */,
			);
			sourceTree = "<group>";
		};
		F5039B2A22173D3E0080DA14 /* Products */ = {
			isa = PBXGroup;
			children = (
				F5039B2922173D3E0080DA14 /* TestAssignmentDoItSoftware.app */,
			);
			name = Products;
			sourceTree = "<group>";
		};
		F5039B2B22173D3E0080DA14 /* TestAssignmentDoItSoftware */ = {
			isa = PBXGroup;
			children = (
				F58D671A2218AC6500D173C5 /* images */,
				F54702EF221750DF008516C1 /* AuthScreen */,
				F54702F5221750DF008516C1 /* MyTaskListScreen */,
				F54702F3221750DF008516C1 /* TaskDetailScreen */,
				F54702F4221750DF008516C1 /* EditTaskScreen */,
				F54702F6221750DF008516C1 /* TASingleton */,
				F5039B2C22173D3E0080DA14 /* AppDelegate.h */,
				F5039B2D22173D3E0080DA14 /* AppDelegate.m */,
				F5039B3822173D400080DA14 /* Assets.xcassets */,
				F5039B3A22173D400080DA14 /* LaunchScreen.storyboard */,
				F5039B3D22173D400080DA14 /* Info.plist */,
				F5039B3E22173D400080DA14 /* main.m */,
				F5039B3522173D3E0080DA14 /* TestAssignmentDoItSoftware.xcdatamodeld */,
			);
			path = TestAssignmentDoItSoftware;
			sourceTree = "<group>";
		};
		F54702EF221750DF008516C1 /* AuthScreen */ = {
			isa = PBXGroup;
			children = (
				F54702F0221750DF008516C1 /* AuthScreenViewController.h */,
				F54702F2221750DF008516C1 /* AuthScreenViewController.m */,
				F54702F1221750DF008516C1 /* AuthScreenViewController.xib */,
			);
			path = AuthScreen;
			sourceTree = "<group>";
		};
		F54702F3221750DF008516C1 /* TaskDetailScreen */ = {
			isa = PBXGroup;
			children = (
				F54703062217522F008516C1 /* TaskDetailViewController.h */,
				F54703072217522F008516C1 /* TaskDetailViewController.m */,
				F54703082217522F008516C1 /* TaskDetailViewController.xib */,
			);
			path = TaskDetailScreen;
			sourceTree = "<group>";
		};
		F54702F4221750DF008516C1 /* EditTaskScreen */ = {
			isa = PBXGroup;
			children = (
				F54702F92217514A008516C1 /* EditTaskScreenViewController.h */,
				F54702FA2217514A008516C1 /* EditTaskScreenViewController.m */,
				F54702FB2217514A008516C1 /* EditTaskScreenViewController.xib */,
			);
			path = EditTaskScreen;
			sourceTree = "<group>";
		};
		F54702F5221750DF008516C1 /* MyTaskListScreen */ = {
			isa = PBXGroup;
			children = (
				F58D672D2218B1DC00D173C5 /* MyTaskCell */,
				F54702FE2217516D008516C1 /* MyTaskListScreenViewController.h */,
				F54702FF2217516D008516C1 /* MyTaskListScreenViewController.m */,
				F54703002217516D008516C1 /* MyTaskListScreenViewController.xib */,
			);
			path = MyTaskListScreen;
			sourceTree = "<group>";
		};
		F54702F6221750DF008516C1 /* TASingleton */ = {
			isa = PBXGroup;
			children = (
				F54703032217518C008516C1 /* TASingleton.h */,
				F54703042217518C008516C1 /* TASingleton.m */,
			);
			path = TASingleton;
			sourceTree = "<group>";
		};
		F58D671A2218AC6500D173C5 /* images */ = {
			isa = PBXGroup;
			children = (
				F5B8FA9B2219C6FF0032D270 /* edit.png */,
				F5B8FA9C2219C6FF0032D270 /* edit@2x.png */,
				F5B8FA9D2219C6FF0032D270 /* edit@3x.png */,
				F58D67352218BA1500D173C5 /* add.png */,
				F58D67332218BA1500D173C5 /* add@2x.png */,
				F58D67342218BA1500D173C5 /* add@3x.png */,
				F58D67292218B11F00D173C5 /* forward.png */,
				F58D67282218B11F00D173C5 /* forward@2x.png */,
				F58D67272218B11F00D173C5 /* forward@3x.png */,
				F58D671F2218AC7A00D173C5 /* alarm.png */,
				F58D671E2218AC7A00D173C5 /* alarm@2x.png */,
				F58D671D2218AC7A00D173C5 /* alarm@3x.png */,
				F58D67202218AC7A00D173C5 /* sort.png */,
				F58D671B2218AC7A00D173C5 /* sort@2x.png */,
				F58D671C2218AC7A00D173C5 /* sort@3x.png */,
			);
			path = images;
			sourceTree = "<group>";
		};
		F58D672D2218B1DC00D173C5 /* MyTaskCell */ = {
			isa = PBXGroup;
			children = (
				F58D672E2218B1F600D173C5 /* MyTaskTableViewCell.h */,
				F58D672F2218B1F600D173C5 /* MyTaskTableViewCell.m */,
				F58D67302218B1F600D173C5 /* MyTaskTableViewCell.xib */,
			);
			path = MyTaskCell;
			sourceTree = "<group>";
		};
/* End PBXGroup section */

/* Begin PBXNativeTarget section */
		F5039B2822173D3E0080DA14 /* TestAssignmentDoItSoftware */ = {
			isa = PBXNativeTarget;
			buildConfigurationList = F5039B4222173D400080DA14 /* Build configuration list for PBXNativeTarget "TestAssignmentDoItSoftware" */;
			buildPhases = (
				F5039B2522173D3E0080DA14 /* Sources */,
				F5039B2622173D3E0080DA14 /* Frameworks */,
				F5039B2722173D3E0080DA14 /* Resources */,
			);
			buildRules = (
			);
			dependencies = (
			);
			name = TestAssignmentDoItSoftware;
			productName = TestAssignmentDoItSoftware;
			productReference = F5039B2922173D3E0080DA14 /* TestAssignmentDoItSoftware.app */;
			productType = "com.apple.product-type.application";
		};
/* End PBXNativeTarget section */

/* Begin PBXProject section */
		F5039B2122173D3E0080DA14 /* Project object */ = {
			isa = PBXProject;
			attributes = {
				LastUpgradeCheck = 1010;
				ORGANIZATIONNAME = TheRedQueen;
				TargetAttributes = {
					F5039B2822173D3E0080DA14 = {
						CreatedOnToolsVersion = 10.1;
					};
				};
			};
			buildConfigurationList = F5039B2422173D3E0080DA14 /* Build configuration list for PBXProject "TestAssignmentDoItSoftware" */;
			compatibilityVersion = "Xcode 9.3";
			developmentRegion = en;
			hasScannedForEncodings = 0;
			knownRegions = (
				en,
				Base,
			);
			mainGroup = F5039B2022173D3E0080DA14;
			productRefGroup = F5039B2A22173D3E0080DA14 /* Products */;
			projectDirPath = "";
			projectRoot = "";
			targets = (
				F5039B2822173D3E0080DA14 /* TestAssignmentDoItSoftware */,
			);
		};
/* End PBXProject section */

/* Begin PBXResourcesBuildPhase section */
		F5039B2722173D3E0080DA14 /* Resources */ = {
			isa = PBXResourcesBuildPhase;
			buildActionMask = 2147483647;
			files = (
				F5039B3C22173D400080DA14 /* LaunchScreen.storyboard in Resources */,
				F5B8FA9E2219C6FF0032D270 /* edit.png in Resources */,
				F58D67222218AC7A00D173C5 /* sort@3x.png in Resources */,
				F54702FD2217514A008516C1 /* EditTaskScreenViewController.xib in Resources */,
				F58D67212218AC7A00D173C5 /* sort@2x.png in Resources */,
				F58D67252218AC7A00D173C5 /* alarm.png in Resources */,
				F58D67322218B1F600D173C5 /* MyTaskTableViewCell.xib in Resources */,
				F5B8FAA02219C6FF0032D270 /* edit@3x.png in Resources */,
				F58D672A2218B12000D173C5 /* forward@3x.png in Resources */,
				F5039B3922173D400080DA14 /* Assets.xcassets in Resources */,
				F54703022217516D008516C1 /* MyTaskListScreenViewController.xib in Resources */,
				F58D67372218BA1500D173C5 /* add@3x.png in Resources */,
				F58D67382218BA1500D173C5 /* add.png in Resources */,
				F5B8FA9F2219C6FF0032D270 /* edit@2x.png in Resources */,
				F54702F7221750DF008516C1 /* AuthScreenViewController.xib in Resources */,
				F58D672C2218B12000D173C5 /* forward.png in Resources */,
				F58D67362218BA1500D173C5 /* add@2x.png in Resources */,
				F58D67232218AC7A00D173C5 /* alarm@3x.png in Resources */,
				F58D67242218AC7A00D173C5 /* alarm@2x.png in Resources */,
				F547030A2217522F008516C1 /* TaskDetailViewController.xib in Resources */,
				F58D672B2218B12000D173C5 /* forward@2x.png in Resources */,
				F58D67262218AC7A00D173C5 /* sort.png in Resources */,
			);
			runOnlyForDeploymentPostprocessing = 0;
		};
/* End PBXResourcesBuildPhase section */

/* Begin PBXSourcesBuildPhase section */
		F5039B2522173D3E0080DA14 /* Sources */ = {
			isa = PBXSourcesBuildPhase;
			buildActionMask = 2147483647;
			files = (
				F54703052217518C008516C1 /* TASingleton.m in Sources */,
				F54703012217516D008516C1 /* MyTaskListScreenViewController.m in Sources */,
				F54702F8221750DF008516C1 /* AuthScreenViewController.m in Sources */,
				F5039B2E22173D3E0080DA14 /* AppDelegate.m in Sources */,
				F58D67312218B1F600D173C5 /* MyTaskTableViewCell.m in Sources */,
				F5039B3F22173D400080DA14 /* main.m in Sources */,
				F5039B3722173D3E0080DA14 /* TestAssignmentDoItSoftware.xcdatamodeld in Sources */,
				F54703092217522F008516C1 /* TaskDetailViewController.m in Sources */,
				F54702FC2217514A008516C1 /* EditTaskScreenViewController.m in Sources */,
			);
			runOnlyForDeploymentPostprocessing = 0;
		};
/* End PBXSourcesBuildPhase section */

/* Begin PBXVariantGroup section */
		F5039B3A22173D400080DA14 /* LaunchScreen.storyboard */ = {
			isa = PBXVariantGroup;
			children = (
				F5039B3B22173D400080DA14 /* Base */,
			);
			name = LaunchScreen.storyboard;
			sourceTree = "<group>";
		};
/* End PBXVariantGroup section */

/* Begin XCBuildConfiguration section */
		F5039B4022173D400080DA14 /* Debug */ = {
			isa = XCBuildConfiguration;
			buildSettings = {
				ALWAYS_SEARCH_USER_PATHS = NO;
				CLANG_ANALYZER_NONNULL = YES;
				CLANG_ANALYZER_NUMBER_OBJECT_CONVERSION = YES_AGGRESSIVE;
				CLANG_CXX_LANGUAGE_STANDARD = "gnu++14";
				CLANG_CXX_LIBRARY = "libc++";
				CLANG_ENABLE_MODULES = YES;
				CLANG_ENABLE_OBJC_ARC = YES;
				CLANG_ENABLE_OBJC_WEAK = YES;
				CLANG_WARN_BLOCK_CAPTURE_AUTORELEASING = YES;
				CLANG_WARN_BOOL_CONVERSION = YES;
				CLANG_WARN_COMMA = YES;
				CLANG_WARN_CONSTANT_CONVERSION = YES;
				CLANG_WARN_DEPRECATED_OBJC_IMPLEMENTATIONS = YES;
				CLANG_WARN_DIRECT_OBJC_ISA_USAGE = YES_ERROR;
				CLANG_WARN_DOCUMENTATION_COMMENTS = YES;
				CLANG_WARN_EMPTY_BODY = YES;
				CLANG_WARN_ENUM_CONVERSION = YES;
				CLANG_WARN_INFINITE_RECURSION = YES;
				CLANG_WARN_INT_CONVERSION = YES;
				CLANG_WARN_NON_LITERAL_NULL_CONVERSION = YES;
				CLANG_WARN_OBJC_IMPLICIT_RETAIN_SELF = YES;
				CLANG_WARN_OBJC_LITERAL_CONVERSION = YES;
				CLANG_WARN_OBJC_ROOT_CLASS = YES_ERROR;
				CLANG_WARN_RANGE_LOOP_ANALYSIS = YES;
				CLANG_WARN_STRICT_PROTOTYPES = YES;
				CLANG_WARN_SUSPICIOUS_MOVE = YES;
				CLANG_WARN_UNGUARDED_AVAILABILITY = YES_AGGRESSIVE;
				CLANG_WARN_UNREACHABLE_CODE = YES;
				CLANG_WARN__DUPLICATE_METHOD_MATCH = YES;
				CODE_SIGN_IDENTITY = "iPhone Developer";
				COPY_PHASE_STRIP = NO;
				DEBUG_INFORMATION_FORMAT = dwarf;
				ENABLE_STRICT_OBJC_MSGSEND = YES;
				ENABLE_TESTABILITY = YES;
				GCC_C_LANGUAGE_STANDARD = gnu11;
				GCC_DYNAMIC_NO_PIC = NO;
				GCC_NO_COMMON_BLOCKS = YES;
				GCC_OPTIMIZATION_LEVEL = 0;
				GCC_PREPROCESSOR_DEFINITIONS = (
					"DEBUG=1",
					"$(inherited)",
				);
				GCC_WARN_64_TO_32_BIT_CONVERSION = YES;
				GCC_WARN_ABOUT_RETURN_TYPE = YES_ERROR;
				GCC_WARN_UNDECLARED_SELECTOR = YES;
				GCC_WARN_UNINITIALIZED_AUTOS = YES_AGGRESSIVE;
				GCC_WARN_UNUSED_FUNCTION = YES;
				GCC_WARN_UNUSED_VARIABLE = YES;
				IPHONEOS_DEPLOYMENT_TARGET = 12.1;
				MTL_ENABLE_DEBUG_INFO = INCLUDE_SOURCE;
				MTL_FAST_MATH = YES;
				ONLY_ACTIVE_ARCH = YES;
				SDKROOT = iphoneos;
			};
			name = Debug;
		};
		F5039B4122173D400080DA14 /* Release */ = {
			isa = XCBuildConfiguration;
			buildSettings = {
				ALWAYS_SEARCH_USER_PATHS = NO;
				CLANG_ANALYZER_NONNULL = YES;
				CLANG_ANALYZER_NUMBER_OBJECT_CONVERSION = YES_AGGRESSIVE;
				CLANG_CXX_LANGUAGE_STANDARD = "gnu++14";
				CLANG_CXX_LIBRARY = "libc++";
				CLANG_ENABLE_MODULES = YES;
				CLANG_ENABLE_OBJC_ARC = YES;
				CLANG_ENABLE_OBJC_WEAK = YES;
				CLANG_WARN_BLOCK_CAPTURE_AUTORELEASING = YES;
				CLANG_WARN_BOOL_CONVERSION = YES;
				CLANG_WARN_COMMA = YES;
				CLANG_WARN_CONSTANT_CONVERSION = YES;
				CLANG_WARN_DEPRECATED_OBJC_IMPLEMENTATIONS = YES;
				CLANG_WARN_DIRECT_OBJC_ISA_USAGE = YES_ERROR;
				CLANG_WARN_DOCUMENTATION_COMMENTS = YES;
				CLANG_WARN_EMPTY_BODY = YES;
				CLANG_WARN_ENUM_CONVERSION = YES;
				CLANG_WARN_INFINITE_RECURSION = YES;
				CLANG_WARN_INT_CONVERSION = YES;
				CLANG_WARN_NON_LITERAL_NULL_CONVERSION = YES;
				CLANG_WARN_OBJC_IMPLICIT_RETAIN_SELF = YES;
				CLANG_WARN_OBJC_LITERAL_CONVERSION = YES;
				CLANG_WARN_OBJC_ROOT_CLASS = YES_ERROR;
				CLANG_WARN_RANGE_LOOP_ANALYSIS = YES;
				CLANG_WARN_STRICT_PROTOTYPES = YES;
				CLANG_WARN_SUSPICIOUS_MOVE = YES;
				CLANG_WARN_UNGUARDED_AVAILABILITY = YES_AGGRESSIVE;
				CLANG_WARN_UNREACHABLE_CODE = YES;
				CLANG_WARN__DUPLICATE_METHOD_MATCH = YES;
				CODE_SIGN_IDENTITY = "iPhone Developer";
				COPY_PHASE_STRIP = NO;
				DEBUG_INFORMATION_FORMAT = "dwarf-with-dsym";
				ENABLE_NS_ASSERTIONS = NO;
				ENABLE_STRICT_OBJC_MSGSEND = YES;
				GCC_C_LANGUAGE_STANDARD = gnu11;
				GCC_NO_COMMON_BLOCKS = YES;
				GCC_WARN_64_TO_32_BIT_CONVERSION = YES;
				GCC_WARN_ABOUT_RETURN_TYPE = YES_ERROR;
				GCC_WARN_UNDECLARED_SELECTOR = YES;
				GCC_WARN_UNINITIALIZED_AUTOS = YES_AGGRESSIVE;
				GCC_WARN_UNUSED_FUNCTION = YES;
				GCC_WARN_UNUSED_VARIABLE = YES;
				IPHONEOS_DEPLOYMENT_TARGET = 12.1;
				MTL_ENABLE_DEBUG_INFO = NO;
				MTL_FAST_MATH = YES;
				SDKROOT = iphoneos;
				VALIDATE_PRODUCT = YES;
			};
			name = Release;
		};
		F5039B4322173D400080DA14 /* Debug */ = {
			isa = XCBuildConfiguration;
			buildSettings = {
				ASSETCATALOG_COMPILER_APPICON_NAME = AppIcon;
				CODE_SIGN_STYLE = Automatic;
				DEVELOPMENT_TEAM = G5659EK6MC;
				INFOPLIST_FILE = TestAssignmentDoItSoftware/Info.plist;
				IPHONEOS_DEPLOYMENT_TARGET = 10.0;
				LD_RUNPATH_SEARCH_PATHS = (
					"$(inherited)",
					"@executable_path/Frameworks",
				);
				PRODUCT_BUNDLE_IDENTIFIER = "net.the-red-queen.TestAssignmentDoItSoftware";
				PRODUCT_NAME = "$(TARGET_NAME)";
				TARGETED_DEVICE_FAMILY = 1;
			};
			name = Debug;
		};
		F5039B4422173D400080DA14 /* Release */ = {
			isa = XCBuildConfiguration;
			buildSettings = {
				ASSETCATALOG_COMPILER_APPICON_NAME = AppIcon;
				CODE_SIGN_STYLE = Automatic;
				DEVELOPMENT_TEAM = G5659EK6MC;
				INFOPLIST_FILE = TestAssignmentDoItSoftware/Info.plist;
				IPHONEOS_DEPLOYMENT_TARGET = 10.0;
				LD_RUNPATH_SEARCH_PATHS = (
					"$(inherited)",
					"@executable_path/Frameworks",
				);
				PRODUCT_BUNDLE_IDENTIFIER = "net.the-red-queen.TestAssignmentDoItSoftware";
				PRODUCT_NAME = "$(TARGET_NAME)";
				TARGETED_DEVICE_FAMILY = 1;
			};
			name = Release;
		};
/* End XCBuildConfiguration section */

/* Begin XCConfigurationList section */
		F5039B2422173D3E0080DA14 /* Build configuration list for PBXProject "TestAssignmentDoItSoftware" */ = {
			isa = XCConfigurationList;
			buildConfigurations = (
				F5039B4022173D400080DA14 /* Debug */,
				F5039B4122173D400080DA14 /* Release */,
			);
			defaultConfigurationIsVisible = 0;
			defaultConfigurationName = Release;
		};
		F5039B4222173D400080DA14 /* Build configuration list for PBXNativeTarget "TestAssignmentDoItSoftware" */ = {
			isa = XCConfigurationList;
			buildConfigurations = (
				F5039B4322173D400080DA14 /* Debug */,
				F5039B4422173D400080DA14 /* Release */,
			);
			defaultConfigurationIsVisible = 0;
			defaultConfigurationName = Release;
		};
/* End XCConfigurationList section */

/* Begin XCVersionGroup section */
		F5039B3522173D3E0080DA14 /* TestAssignmentDoItSoftware.xcdatamodeld */ = {
			isa = XCVersionGroup;
			children = (
				F5039B3622173D3E0080DA14 /* TestAssignmentDoItSoftware.xcdatamodel */,
			);
			currentVersion = F5039B3622173D3E0080DA14 /* TestAssignmentDoItSoftware.xcdatamodel */;
			path = TestAssignmentDoItSoftware.xcdatamodeld;
			sourceTree = "<group>";
			versionGroupType = wrapper.xcdatamodel;
		};
/* End XCVersionGroup section */
	};
	rootObject = F5039B2122173D3E0080DA14 /* Project object */;
}
